// !$*UTF8*$!
{
	archiveVersion = 1;
	classes = {
	};
	objectVersion = 46;
	objects = {

/* Begin PBXBuildFile section */
		208C3FAD1E6012E20081BD4E /* AppDelegate.swift in Sources */ = {isa = PBXBuildFile; fileRef = 208C3FAC1E6012E20081BD4E /* AppDelegate.swift */; };
		208C3FAF1E6012E20081BD4E /* ViewController.swift in Sources */ = {isa = PBXBuildFile; fileRef = 208C3FAE1E6012E20081BD4E /* ViewController.swift */; };
		208C3FB21E6012E20081BD4E /* Main.storyboard in Resources */ = {isa = PBXBuildFile; fileRef = 208C3FB01E6012E20081BD4E /* Main.storyboard */; };
		208C3FB41E6012E20081BD4E /* Assets.xcassets in Resources */ = {isa = PBXBuildFile; fileRef = 208C3FB31E6012E20081BD4E /* Assets.xcassets */; };
		208C3FB71E6012E20081BD4E /* LaunchScreen.storyboard in Resources */ = {isa = PBXBuildFile; fileRef = 208C3FB51E6012E20081BD4E /* LaunchScreen.storyboard */; };
		208C3FBF1E6013860081BD4E /* 201_Mukhai.pdf in Resources */ = {isa = PBXBuildFile; fileRef = 208C3FBE1E6013860081BD4E /* 201_Mukhai.pdf */; };
/* End PBXBuildFile section */

/* Begin PBXFileReference section */
		208C3FA91E6012E20081BD4E /* VectorImage.app */ = {isa = PBXFileReference; explicitFileType = wrapper.application; includeInIndex = 0; path = VectorImage.app; sourceTree = BUILT_PRODUCTS_DIR; };
		208C3FAC1E6012E20081BD4E /* AppDelegate.swift */ = {isa = PBXFileReference; lastKnownFileType = sourcecode.swift; path = AppDelegate.swift; sourceTree = "<group>"; };
		208C3FAE1E6012E20081BD4E /* ViewController.swift */ = {isa = PBXFileReference; lastKnownFileType = sourcecode.swift; path = ViewController.swift; sourceTree = "<group>"; };
		208C3FB11E6012E20081BD4E /* Base */ = {isa = PBXFileReference; lastKnownFileType = file.storyboard; name = Base; path = Base.lproj/Main.storyboard; sourceTree = "<group>"; };
		208C3FB31E6012E20081BD4E /* Assets.xcassets */ = {isa = PBXFileReference; lastKnownFileType = folder.assetcatalog; path = Assets.xcassets; sourceTree = "<group>"; };
		208C3FB61E6012E20081BD4E /* Base */ = {isa = PBXFileReference; lastKnownFileType = file.storyboard; name = Base; path = Base.lproj/LaunchScreen.storyboard; sourceTree = "<group>"; };
		208C3FB81E6012E20081BD4E /* Info.plist */ = {isa = PBXFileReference; lastKnownFileType = text.plist.xml; path = Info.plist; sourceTree = "<group>"; };
		208C3FBE1E6013860081BD4E /* 201_Mukhai.pdf */ = {isa = PBXFileReference; lastKnownFileType = image.pdf; path = 201_Mukhai.pdf; sourceTree = "<group>"; };
/* End PBXFileReference section */

/* Begin PBXFrameworksBuildPhase section */
		208C3FA61E6012E20081BD4E /* Frameworks */ = {
			isa = PBXFrameworksBuildPhase;
			buildActionMask = 2147483647;
			files = (
			);
			runOnlyForDeploymentPostprocessing = 0;
		};
/* End PBXFrameworksBuildPhase section */

/* Begin PBXGroup section */
		208C3FA01E6012E20081BD4E = {
			isa = PBXGroup;
			children = (
				208C3FAB1E6012E20081BD4E /* VectorImage */,
				208C3FAA1E6012E20081BD4E /* Products */,
			);
			sourceTree = "<group>";
		};
		208C3FAA1E6012E20081BD4E /* Products */ = {
			isa = PBXGroup;
			children = (
				208C3FA91E6012E20081BD4E /* VectorImage.app */,
			);
			name = Products;
			sourceTree = "<group>";
		};
		208C3FAB1E6012E20081BD4E /* VectorImage */ = {
			isa = PBXGroup;
			children = (
				208C3FAC1E6012E20081BD4E /* AppDelegate.swift */,
				208C3FAE1E6012E20081BD4E /* ViewController.swift */,
				208C3FB01E6012E20081BD4E /* Main.storyboard */,
				208C3FB31E6012E20081BD4E /* Assets.xcassets */,
				208C3FB51E6012E20081BD4E /* LaunchScreen.storyboard */,
				208C3FBE1E6013860081BD4E /* 201_Mukhai.pdf */,
				208C3FB81E6012E20081BD4E /* Info.plist */,
			);
			path = VectorImage;
			sourceTree = "<group>";
		};
/* End PBXGroup section */

/* Begin PBXNativeTarget section */
		208C3FA81E6012E20081BD4E /* VectorImage */ = {
			isa = PBXNativeTarget;
			buildConfigurationList = 208C3FBB1E6012E20081BD4E /* Build configuration list for PBXNativeTarget "VectorImage" */;
			buildPhases = (
				208C3FA51E6012E20081BD4E /* Sources */,
				208C3FA61E6012E20081BD4E /* Frameworks */,
				208C3FA71E6012E20081BD4E /* Resources */,
			);
			buildRules = (
			);
			dependencies = (
			);
			name = VectorImage;
			productName = VectorImage;
			productReference = 208C3FA91E6012E20081BD4E /* VectorImage.app */;
			productType = "com.apple.product-type.application";
		};
/* End PBXNativeTarget section */

/* Begin PBXProject section */
		208C3FA11E6012E20081BD4E /* Project object */ = {
			isa = PBXProject;
			attributes = {
				LastSwiftUpdateCheck = 0820;
				LastUpgradeCheck = 0820;
				ORGANIZATIONNAME = "Shridhar Mali";
				TargetAttributes = {
					208C3FA81E6012E20081BD4E = {
						CreatedOnToolsVersion = 8.2.1;
						ProvisioningStyle = Manual;
					};
				};
			};
			buildConfigurationList = 208C3FA41E6012E20081BD4E /* Build configuration list for PBXProject "VectorImage" */;
			compatibilityVersion = "Xcode 3.2";
			developmentRegion = English;
			hasScannedForEncodings = 0;
			knownRegions = (
				en,
				Base,
			);
			mainGroup = 208C3FA01E6012E20081BD4E;
			productRefGroup = 208C3FAA1E6012E20081BD4E /* Products */;
			projectDirPath = "";
			projectRoot = "";
			targets = (
				208C3FA81E6012E20081BD4E /* VectorImage */,
			);
		};
/* End PBXProject section */

/* Begin PBXResourcesBuildPhase section */
		208C3FA71E6012E20081BD4E /* Resources */ = {
			isa = PBXResourcesBuildPhase;
			buildActionMask = 2147483647;
			files = (
				208C3FB71E6012E20081BD4E /* LaunchScreen.storyboard in Resources */,
				208C3FB41E6012E20081BD4E /* Assets.xcassets in Resources */,
				208C3FB21E6012E20081BD4E /* Main.storyboard in Resources */,
				208C3FBF1E6013860081BD4E /* 201_Mukhai.pdf in Resources */,
			);
			runOnlyForDeploymentPostprocessing = 0;
		};
/* End PBXResourcesBuildPhase section */

/* Begin PBXSourcesBuildPhase section */
		208C3FA51E6012E20081BD4E /* Sources */ = {
			isa = PBXSourcesBuildPhase;
			buildActionMask = 2147483647;
			files = (
				208C3FAF1E6012E20081BD4E /* ViewController.swift in Sources */,
				208C3FAD1E6012E20081BD4E /* AppDelegate.swift in Sources */,
			);
			runOnlyForDeploymentPostprocessing = 0;
		};
/* End PBXSourcesBuildPhase section */

/* Begin PBXVariantGroup section */
		208C3FB01E6012E20081BD4E /* Main.storyboard */ = {
			isa = PBXVariantGroup;
			children = (
				208C3FB11E6012E20081BD4E /* Base */,
			);
			name = Main.storyboard;
			sourceTree = "<group>";
		};
		208C3FB51E6012E20081BD4E /* LaunchScreen.storyboard */ = {
			isa = PBXVariantGroup;
			children = (
				208C3FB61E6012E20081BD4E /* Base */,
			);
			name = LaunchScreen.storyboard;
			sourceTree = "<group>";
		};
/* End PBXVariantGroup section */

/* Begin XCBuildConfiguration section */
		208C3FB91E6012E20081BD4E /* Debug */ = {
			isa = XCBuildConfiguration;
			buildSettings = {
				ALWAYS_SEARCH_USER_PATHS = NO;
				CLANG_ANALYZER_NONNULL = YES;
				CLANG_CXX_LANGUAGE_STANDARD = "gnu++0x";
				CLANG_CXX_LIBRARY = "libc++";
				CLANG_ENABLE_MODULES = YES;
				CLANG_ENABLE_OBJC_ARC = YES;
				CLANG_WARN_BOOL_CONVERSION = YES;
				CLANG_WARN_CONSTANT_CONVERSION = YES;
				CLANG_WARN_DIRECT_OBJC_ISA_USAGE = YES_ERROR;
				CLANG_WARN_DOCUMENTATION_COMMENTS = YES;
				CLANG_WARN_EMPTY_BODY = YES;
				CLANG_WARN_ENUM_CONVERSION = YES;
				CLANG_WARN_INFINITE_RECURSION = YES;
				CLANG_WARN_INT_CONVERSION = YES;
				CLANG_WARN_OBJC_ROOT_CLASS = YES_ERROR;
				CLANG_WARN_SUSPICIOUS_MOVE = YES;
				CLANG_WARN_UNREACHABLE_CODE = YES;
				CLANG_WARN__DUPLICATE_METHOD_MATCH = YES;
				"CODE_SIGN_IDENTITY[sdk=iphoneos*]" = "iPhone Developer";
				COPY_PHASE_STRIP = NO;
				DEBUG_INFORMATION_FORMAT = dwarf;
				ENABLE_STRICT_OBJC_MSGSEND = YES;
				ENABLE_TESTABILITY = YES;
				GCC_C_LANGUAGE_STANDARD = gnu99;
				GCC_DYNAMIC_NO_PIC = NO;
				GCC_NO_COMMON_BLOCKS = YES;
				GCC_OPTIMIZATION_LEVEL = 0;
				GCC_PREPROCESSOR_DEFINITIONS = (
					"DEBUG=1",
					"$(inherited)",
				);
				GCC_WARN_64_TO_32_BIT_CONVERSION = YES;
				GCC_WARN_ABOUT_RETURN_TYPE = YES_ERROR;
				GCC_WARN_UNDECLARED_SELECTOR = YES;
				GCC_WARN_UNINITIALIZED_AUTOS = YES_AGGRESSIVE;
				GCC_WARN_UNUSED_FUNCTION = YES;
				GCC_WARN_UNUSED_VARIABLE = YES;
				IPHONEOS_DEPLOYMENT_TARGET = 10.2;
				MTL_ENABLE_DEBUG_INFO = YES;
				ONLY_ACTIVE_ARCH = YES;
				SDKROOT = iphoneos;
				SWIFT_ACTIVE_COMPILATION_CONDITIONS = DEBUG;
				SWIFT_OPTIMIZATION_LEVEL = "-Onone";
				TARGETED_DEVICE_FAMILY = "1,2";
			};
			name = Debug;
		};
		208C3FBA1E6012E20081BD4E /* Release */ = {
			isa = XCBuildConfiguration;
			buildSettings = {
				ALWAYS_SEARCH_USER_PATHS = NO;
				CLANG_ANALYZER_NONNULL = YES;
				CLANG_CXX_LANGUAGE_STANDARD = "gnu++0x";
				CLANG_CXX_LIBRARY = "libc++";
				CLANG_ENABLE_MODULES = YES;
				CLANG_ENABLE_OBJC_ARC = YES;
				CLANG_WARN_BOOL_CONVERSION = YES;
				CLANG_WARN_CONSTANT_CONVERSION = YES;
				CLANG_WARN_DIRECT_OBJC_ISA_USAGE = YES_ERROR;
				CLANG_WARN_DOCUMENTATION_COMMENTS = YES;
				CLANG_WARN_EMPTY_BODY = YES;
				CLANG_WARN_ENUM_CONVERSION = YES;
				CLANG_WARN_INFINITE_RECURSION = YES;
				CLANG_WARN_INT_CONVERSION = YES;
				CLANG_WARN_OBJC_ROOT_CLASS = YES_ERROR;
				CLANG_WARN_SUSPICIOUS_MOVE = YES;
				CLANG_WARN_UNREACHABLE_CODE = YES;
				CLANG_WARN__DUPLICATE_METHOD_MATCH = YES;
				"CODE_SIGN_IDENTITY[sdk=iphoneos*]" = "iPhone Developer";
				COPY_PHASE_STRIP = NO;
				DEBUG_INFORMATION_FORMAT = "dwarf-with-dsym";
				ENABLE_NS_ASSERTIONS = NO;
				ENABLE_STRICT_OBJC_MSGSEND = YES;
				GCC_C_LANGUAGE_STANDARD = gnu99;
				GCC_NO_COMMON_BLOCKS = YES;
				GCC_WARN_64_TO_32_BIT_CONVERSION = YES;
				GCC_WARN_ABOUT_RETURN_TYPE = YES_ERROR;
				GCC_WARN_UNDECLARED_SELECTOR = YES;
				GCC_WARN_UNINITIALIZED_AUTOS = YES_AGGRESSIVE;
				GCC_WARN_UNUSED_FUNCTION = YES;
				GCC_WARN_UNUSED_VARIABLE = YES;
				IPHONEOS_DEPLOYMENT_TARGET = 10.2;
				MTL_ENABLE_DEBUG_INFO = NO;
				SDKROOT = iphoneos;
				SWIFT_OPTIMIZATION_LEVEL = "-Owholemodule";
				TARGETED_DEVICE_FAMILY = "1,2";
				VALIDATE_PRODUCT = YES;
			};
			name = Release;
		};
		208C3FBC1E6012E20081BD4E /* Debug */ = {
			isa = XCBuildConfiguration;
			buildSettings = {
				ASSETCATALOG_COMPILER_APPICON_NAME = AppIcon;
				DEVELOPMENT_TEAM = "";
				INFOPLIST_FILE = VectorImage/Info.plist;
				LD_RUNPATH_SEARCH_PATHS = "$(inherited) @executable_path/Frameworks";
				PRODUCT_BUNDLE_IDENTIFIER = TIS.VectorImage;
				PRODUCT_NAME = "$(TARGET_NAME)";
				SWIFT_VERSION = 3.0;
			};
			name = Debug;
		};
		208C3FBD1E6012E20081BD4E /* Release */ = {
			isa = XCBuildConfiguration;
			buildSettings = {
				ASSETCATALOG_COMPILER_APPICON_NAME = AppIcon;
				DEVELOPMENT_TEAM = "";
				INFOPLIST_FILE = VectorImage/Info.plist;
				LD_RUNPATH_SEARCH_PATHS = "$(inherited) @executable_path/Frameworks";
				PRODUCT_BUNDLE_IDENTIFIER = TIS.VectorImage;
				PRODUCT_NAME = "$(TARGET_NAME)";
				SWIFT_VERSION = 3.0;
			};
			name = Release;
		};
/* End XCBuildConfiguration section */

/* Begin XCConfigurationList section */
		208C3FA41E6012E20081BD4E /* Build configuration list for PBXProject "VectorImage" */ = {
			isa = XCConfigurationList;
			buildConfigurations = (
				208C3FB91E6012E20081BD4E /* Debug */,
				208C3FBA1E6012E20081BD4E /* Release */,
			);
			defaultConfigurationIsVisible = 0;
			defaultConfigurationName = Release;
		};
		208C3FBB1E6012E20081BD4E /* Build configuration list for PBXNativeTarget "VectorImage" */ = {
			isa = XCConfigurationList;
			buildConfigurations = (
				208C3FBC1E6012E20081BD4E /* Debug */,
				208C3FBD1E6012E20081BD4E /* Release */,
			);
			defaultConfigurationIsVisible = 0;
		};
/* End XCConfigurationList section */
	};
	rootObject = 208C3FA11E6012E20081BD4E /* Project object */;
}
