// !$*UTF8*$!
{
	archiveVersion = 1;
	classes = {
	};
	objectVersion = 46;
	objects = {

/* Begin PBXBuildFile section */
		20CA50A01E718343007A79F6 /* AppDelegate.swift in Sources */ = {isa = PBXBuildFile; fileRef = 20CA509F1E718343007A79F6 /* AppDelegate.swift */; };
		20CA50A21E718343007A79F6 /* ViewController.swift in Sources */ = {isa = PBXBuildFile; fileRef = 20CA50A11E718343007A79F6 /* ViewController.swift */; };
		20CA50A51E718343007A79F6 /* Main.storyboard in Resources */ = {isa = PBXBuildFile; fileRef = 20CA50A31E718343007A79F6 /* Main.storyboard */; };
		20CA50A71E718343007A79F6 /* Assets.xcassets in Resources */ = {isa = PBXBuildFile; fileRef = 20CA50A61E718343007A79F6 /* Assets.xcassets */; };
		20CA50AA1E718343007A79F6 /* LaunchScreen.storyboard in Resources */ = {isa = PBXBuildFile; fileRef = 20CA50A81E718343007A79F6 /* LaunchScreen.storyboard */; };
		20CA50B21E727C5B007A79F6 /* FileDownloadInfo.swift in Sources */ = {isa = PBXBuildFile; fileRef = 20CA50B11E727C5B007A79F6 /* FileDownloadInfo.swift */; };
/* End PBXBuildFile section */

/* Begin PBXFileReference section */
		20CA509C1E718343007A79F6 /* BackgroundTask.app */ = {isa = PBXFileReference; explicitFileType = wrapper.application; includeInIndex = 0; path = BackgroundTask.app; sourceTree = BUILT_PRODUCTS_DIR; };
		20CA509F1E718343007A79F6 /* AppDelegate.swift */ = {isa = PBXFileReference; lastKnownFileType = sourcecode.swift; path = AppDelegate.swift; sourceTree = "<group>"; };
		20CA50A11E718343007A79F6 /* ViewController.swift */ = {isa = PBXFileReference; lastKnownFileType = sourcecode.swift; path = ViewController.swift; sourceTree = "<group>"; };
		20CA50A41E718343007A79F6 /* Base */ = {isa = PBXFileReference; lastKnownFileType = file.storyboard; name = Base; path = Base.lproj/Main.storyboard; sourceTree = "<group>"; };
		20CA50A61E718343007A79F6 /* Assets.xcassets */ = {isa = PBXFileReference; lastKnownFileType = folder.assetcatalog; path = Assets.xcassets; sourceTree = "<group>"; };
		20CA50A91E718343007A79F6 /* Base */ = {isa = PBXFileReference; lastKnownFileType = file.storyboard; name = Base; path = Base.lproj/LaunchScreen.storyboard; sourceTree = "<group>"; };
		20CA50AB1E718343007A79F6 /* Info.plist */ = {isa = PBXFileReference; lastKnownFileType = text.plist.xml; path = Info.plist; sourceTree = "<group>"; };
		20CA50B11E727C5B007A79F6 /* FileDownloadInfo.swift */ = {isa = PBXFileReference; fileEncoding = 4; lastKnownFileType = sourcecode.swift; path = FileDownloadInfo.swift; sourceTree = "<group>"; };
/* End PBXFileReference section */

/* Begin PBXFrameworksBuildPhase section */
		20CA50991E718343007A79F6 /* Frameworks */ = {
			isa = PBXFrameworksBuildPhase;
			buildActionMask = 2147483647;
			files = (
			);
			runOnlyForDeploymentPostprocessing = 0;
		};
/* End PBXFrameworksBuildPhase section */

/* Begin PBXGroup section */
		20CA50931E718343007A79F6 = {
			isa = PBXGroup;
			children = (
				20CA509E1E718343007A79F6 /* BackgroundTask */,
				20CA509D1E718343007A79F6 /* Products */,
			);
			sourceTree = "<group>";
		};
		20CA509D1E718343007A79F6 /* Products */ = {
			isa = PBXGroup;
			children = (
				20CA509C1E718343007A79F6 /* BackgroundTask.app */,
			);
			name = Products;
			sourceTree = "<group>";
		};
		20CA509E1E718343007A79F6 /* BackgroundTask */ = {
			isa = PBXGroup;
			children = (
				20CA509F1E718343007A79F6 /* AppDelegate.swift */,
				20CA50A11E718343007A79F6 /* ViewController.swift */,
				20CA50B11E727C5B007A79F6 /* FileDownloadInfo.swift */,
				20CA50A31E718343007A79F6 /* Main.storyboard */,
				20CA50A61E718343007A79F6 /* Assets.xcassets */,
				20CA50A81E718343007A79F6 /* LaunchScreen.storyboard */,
				20CA50AB1E718343007A79F6 /* Info.plist */,
			);
			path = BackgroundTask;
			sourceTree = "<group>";
		};
/* End PBXGroup section */

/* Begin PBXNativeTarget section */
		20CA509B1E718343007A79F6 /* BackgroundTask */ = {
			isa = PBXNativeTarget;
			buildConfigurationList = 20CA50AE1E718343007A79F6 /* Build configuration list for PBXNativeTarget "BackgroundTask" */;
			buildPhases = (
				20CA50981E718343007A79F6 /* Sources */,
				20CA50991E718343007A79F6 /* Frameworks */,
				20CA509A1E718343007A79F6 /* Resources */,
			);
			buildRules = (
			);
			dependencies = (
			);
			name = BackgroundTask;
			productName = BackgroundTask;
			productReference = 20CA509C1E718343007A79F6 /* BackgroundTask.app */;
			productType = "com.apple.product-type.application";
		};
/* End PBXNativeTarget section */

/* Begin PBXProject section */
		20CA50941E718343007A79F6 /* Project object */ = {
			isa = PBXProject;
			attributes = {
				LastSwiftUpdateCheck = 0820;
				LastUpgradeCheck = 0820;
				ORGANIZATIONNAME = "Shridhar Mali";
				TargetAttributes = {
					20CA509B1E718343007A79F6 = {
						CreatedOnToolsVersion = 8.2.1;
						ProvisioningStyle = Manual;
						SystemCapabilities = {
							com.apple.BackgroundModes = {
								enabled = 1;
							};
						};
					};
				};
			};
			buildConfigurationList = 20CA50971E718343007A79F6 /* Build configuration list for PBXProject "BackgroundTask" */;
			compatibilityVersion = "Xcode 3.2";
			developmentRegion = English;
			hasScannedForEncodings = 0;
			knownRegions = (
				en,
				Base,
			);
			mainGroup = 20CA50931E718343007A79F6;
			productRefGroup = 20CA509D1E718343007A79F6 /* Products */;
			projectDirPath = "";
			projectRoot = "";
			targets = (
				20CA509B1E718343007A79F6 /* BackgroundTask */,
			);
		};
/* End PBXProject section */

/* Begin PBXResourcesBuildPhase section */
		20CA509A1E718343007A79F6 /* Resources */ = {
			isa = PBXResourcesBuildPhase;
			buildActionMask = 2147483647;
			files = (
				20CA50AA1E718343007A79F6 /* LaunchScreen.storyboard in Resources */,
				20CA50A71E718343007A79F6 /* Assets.xcassets in Resources */,
				20CA50A51E718343007A79F6 /* Main.storyboard in Resources */,
			);
			runOnlyForDeploymentPostprocessing = 0;
		};
/* End PBXResourcesBuildPhase section */

/* Begin PBXSourcesBuildPhase section */
		20CA50981E718343007A79F6 /* Sources */ = {
			isa = PBXSourcesBuildPhase;
			buildActionMask = 2147483647;
			files = (
				20CA50A21E718343007A79F6 /* ViewController.swift in Sources */,
				20CA50B21E727C5B007A79F6 /* FileDownloadInfo.swift in Sources */,
				20CA50A01E718343007A79F6 /* AppDelegate.swift in Sources */,
			);
			runOnlyForDeploymentPostprocessing = 0;
		};
/* End PBXSourcesBuildPhase section */

/* Begin PBXVariantGroup section */
		20CA50A31E718343007A79F6 /* Main.storyboard */ = {
			isa = PBXVariantGroup;
			children = (
				20CA50A41E718343007A79F6 /* Base */,
			);
			name = Main.storyboard;
			sourceTree = "<group>";
		};
		20CA50A81E718343007A79F6 /* LaunchScreen.storyboard */ = {
			isa = PBXVariantGroup;
			children = (
				20CA50A91E718343007A79F6 /* Base */,
			);
			name = LaunchScreen.storyboard;
			sourceTree = "<group>";
		};
/* End PBXVariantGroup section */

/* Begin XCBuildConfiguration section */
		20CA50AC1E718343007A79F6 /* Debug */ = {
			isa = XCBuildConfiguration;
			buildSettings = {
				ALWAYS_SEARCH_USER_PATHS = NO;
				CLANG_ANALYZER_NONNULL = YES;
				CLANG_CXX_LANGUAGE_STANDARD = "gnu++0x";
				CLANG_CXX_LIBRARY = "libc++";
				CLANG_ENABLE_MODULES = YES;
				CLANG_ENABLE_OBJC_ARC = YES;
				CLANG_WARN_BOOL_CONVERSION = YES;
				CLANG_WARN_CONSTANT_CONVERSION = YES;
				CLANG_WARN_DIRECT_OBJC_ISA_USAGE = YES_ERROR;
				CLANG_WARN_DOCUMENTATION_COMMENTS = YES;
				CLANG_WARN_EMPTY_BODY = YES;
				CLANG_WARN_ENUM_CONVERSION = YES;
				CLANG_WARN_INFINITE_RECURSION = YES;
				CLANG_WARN_INT_CONVERSION = YES;
				CLANG_WARN_OBJC_ROOT_CLASS = YES_ERROR;
				CLANG_WARN_SUSPICIOUS_MOVE = YES;
				CLANG_WARN_UNREACHABLE_CODE = YES;
				CLANG_WARN__DUPLICATE_METHOD_MATCH = YES;
				"CODE_SIGN_IDENTITY[sdk=iphoneos*]" = "iPhone Developer";
				COPY_PHASE_STRIP = NO;
				DEBUG_INFORMATION_FORMAT = dwarf;
				ENABLE_STRICT_OBJC_MSGSEND = YES;
				ENABLE_TESTABILITY = YES;
				GCC_C_LANGUAGE_STANDARD = gnu99;
				GCC_DYNAMIC_NO_PIC = NO;
				GCC_NO_COMMON_BLOCKS = YES;
				GCC_OPTIMIZATION_LEVEL = 0;
				GCC_PREPROCESSOR_DEFINITIONS = (
					"DEBUG=1",
					"$(inherited)",
				);
				GCC_WARN_64_TO_32_BIT_CONVERSION = YES;
				GCC_WARN_ABOUT_RETURN_TYPE = YES_ERROR;
				GCC_WARN_UNDECLARED_SELECTOR = YES;
				GCC_WARN_UNINITIALIZED_AUTOS = YES_AGGRESSIVE;
				GCC_WARN_UNUSED_FUNCTION = YES;
				GCC_WARN_UNUSED_VARIABLE = YES;
				IPHONEOS_DEPLOYMENT_TARGET = 10.2;
				MTL_ENABLE_DEBUG_INFO = YES;
				ONLY_ACTIVE_ARCH = YES;
				SDKROOT = iphoneos;
				SWIFT_ACTIVE_COMPILATION_CONDITIONS = DEBUG;
				SWIFT_OPTIMIZATION_LEVEL = "-Onone";
				TARGETED_DEVICE_FAMILY = "1,2";
			};
			name = Debug;
		};
		20CA50AD1E718343007A79F6 /* Release */ = {
			isa = XCBuildConfiguration;
			buildSettings = {
				ALWAYS_SEARCH_USER_PATHS = NO;
				CLANG_ANALYZER_NONNULL = YES;
				CLANG_CXX_LANGUAGE_STANDARD = "gnu++0x";
				CLANG_CXX_LIBRARY = "libc++";
				CLANG_ENABLE_MODULES = YES;
				CLANG_ENABLE_OBJC_ARC = YES;
				CLANG_WARN_BOOL_CONVERSION = YES;
				CLANG_WARN_CONSTANT_CONVERSION = YES;
				CLANG_WARN_DIRECT_OBJC_ISA_USAGE = YES_ERROR;
				CLANG_WARN_DOCUMENTATION_COMMENTS = YES;
				CLANG_WARN_EMPTY_BODY = YES;
				CLANG_WARN_ENUM_CONVERSION = YES;
				CLANG_WARN_INFINITE_RECURSION = YES;
				CLANG_WARN_INT_CONVERSION = YES;
				CLANG_WARN_OBJC_ROOT_CLASS = YES_ERROR;
				CLANG_WARN_SUSPICIOUS_MOVE = YES;
				CLANG_WARN_UNREACHABLE_CODE = YES;
				CLANG_WARN__DUPLICATE_METHOD_MATCH = YES;
				"CODE_SIGN_IDENTITY[sdk=iphoneos*]" = "iPhone Developer";
				COPY_PHASE_STRIP = NO;
				DEBUG_INFORMATION_FORMAT = "dwarf-with-dsym";
				ENABLE_NS_ASSERTIONS = NO;
				ENABLE_STRICT_OBJC_MSGSEND = YES;
				GCC_C_LANGUAGE_STANDARD = gnu99;
				GCC_NO_COMMON_BLOCKS = YES;
				GCC_WARN_64_TO_32_BIT_CONVERSION = YES;
				GCC_WARN_ABOUT_RETURN_TYPE = YES_ERROR;
				GCC_WARN_UNDECLARED_SELECTOR = YES;
				GCC_WARN_UNINITIALIZED_AUTOS = YES_AGGRESSIVE;
				GCC_WARN_UNUSED_FUNCTION = YES;
				GCC_WARN_UNUSED_VARIABLE = YES;
				IPHONEOS_DEPLOYMENT_TARGET = 10.2;
				MTL_ENABLE_DEBUG_INFO = NO;
				SDKROOT = iphoneos;
				SWIFT_OPTIMIZATION_LEVEL = "-Owholemodule";
				TARGETED_DEVICE_FAMILY = "1,2";
				VALIDATE_PRODUCT = YES;
			};
			name = Release;
		};
		20CA50AF1E718343007A79F6 /* Debug */ = {
			isa = XCBuildConfiguration;
			buildSettings = {
				ASSETCATALOG_COMPILER_APPICON_NAME = AppIcon;
				DEVELOPMENT_TEAM = "";
				INFOPLIST_FILE = BackgroundTask/Info.plist;
				LD_RUNPATH_SEARCH_PATHS = "$(inherited) @executable_path/Frameworks";
				PRODUCT_BUNDLE_IDENTIFIER = TIS.BackgroundTask;
				PRODUCT_NAME = "$(TARGET_NAME)";
				SWIFT_VERSION = 3.0;
			};
			name = Debug;
		};
		20CA50B01E718343007A79F6 /* Release */ = {
			isa = XCBuildConfiguration;
			buildSettings = {
				ASSETCATALOG_COMPILER_APPICON_NAME = AppIcon;
				DEVELOPMENT_TEAM = "";
				INFOPLIST_FILE = BackgroundTask/Info.plist;
				LD_RUNPATH_SEARCH_PATHS = "$(inherited) @executable_path/Frameworks";
				PRODUCT_BUNDLE_IDENTIFIER = TIS.BackgroundTask;
				PRODUCT_NAME = "$(TARGET_NAME)";
				SWIFT_VERSION = 3.0;
			};
			name = Release;
		};
/* End XCBuildConfiguration section */

/* Begin XCConfigurationList section */
		20CA50971E718343007A79F6 /* Build configuration list for PBXProject "BackgroundTask" */ = {
			isa = XCConfigurationList;
			buildConfigurations = (
				20CA50AC1E718343007A79F6 /* Debug */,
				20CA50AD1E718343007A79F6 /* Release */,
			);
			defaultConfigurationIsVisible = 0;
			defaultConfigurationName = Release;
		};
		20CA50AE1E718343007A79F6 /* Build configuration list for PBXNativeTarget "BackgroundTask" */ = {
			isa = XCConfigurationList;
			buildConfigurations = (
				20CA50AF1E718343007A79F6 /* Debug */,
				20CA50B01E718343007A79F6 /* Release */,
			);
			defaultConfigurationIsVisible = 0;
		};
/* End XCConfigurationList section */
	};
	rootObject = 20CA50941E718343007A79F6 /* Project object */;
}
