// !$*UTF8*$!
{
	archiveVersion = 1;
	classes = {
	};
	objectVersion = 46;
	objects = {

/* Begin PBXBuildFile section */
		20BA53131E2364BD00331AA9 /* AppDelegate.swift in Sources */ = {isa = PBXBuildFile; fileRef = 20BA53121E2364BD00331AA9 /* AppDelegate.swift */; };
		20BA53151E2364BD00331AA9 /* ViewController.swift in Sources */ = {isa = PBXBuildFile; fileRef = 20BA53141E2364BD00331AA9 /* ViewController.swift */; };
		20BA53181E2364BD00331AA9 /* Main.storyboard in Resources */ = {isa = PBXBuildFile; fileRef = 20BA53161E2364BD00331AA9 /* Main.storyboard */; };
		20BA531A1E2364BD00331AA9 /* Assets.xcassets in Resources */ = {isa = PBXBuildFile; fileRef = 20BA53191E2364BD00331AA9 /* Assets.xcassets */; };
		20BA531D1E2364BD00331AA9 /* LaunchScreen.storyboard in Resources */ = {isa = PBXBuildFile; fileRef = 20BA531B1E2364BD00331AA9 /* LaunchScreen.storyboard */; };
/* End PBXBuildFile section */

/* Begin PBXFileReference section */
		20BA530F1E2364BD00331AA9 /* Notification.app */ = {isa = PBXFileReference; explicitFileType = wrapper.application; includeInIndex = 0; path = Notification.app; sourceTree = BUILT_PRODUCTS_DIR; };
		20BA53121E2364BD00331AA9 /* AppDelegate.swift */ = {isa = PBXFileReference; lastKnownFileType = sourcecode.swift; path = AppDelegate.swift; sourceTree = "<group>"; };
		20BA53141E2364BD00331AA9 /* ViewController.swift */ = {isa = PBXFileReference; lastKnownFileType = sourcecode.swift; path = ViewController.swift; sourceTree = "<group>"; };
		20BA53171E2364BD00331AA9 /* Base */ = {isa = PBXFileReference; lastKnownFileType = file.storyboard; name = Base; path = Base.lproj/Main.storyboard; sourceTree = "<group>"; };
		20BA53191E2364BD00331AA9 /* Assets.xcassets */ = {isa = PBXFileReference; lastKnownFileType = folder.assetcatalog; path = Assets.xcassets; sourceTree = "<group>"; };
		20BA531C1E2364BD00331AA9 /* Base */ = {isa = PBXFileReference; lastKnownFileType = file.storyboard; name = Base; path = Base.lproj/LaunchScreen.storyboard; sourceTree = "<group>"; };
		20BA531E1E2364BD00331AA9 /* Info.plist */ = {isa = PBXFileReference; lastKnownFileType = text.plist.xml; path = Info.plist; sourceTree = "<group>"; };
/* End PBXFileReference section */

/* Begin PBXFrameworksBuildPhase section */
		20BA530C1E2364BD00331AA9 /* Frameworks */ = {
			isa = PBXFrameworksBuildPhase;
			buildActionMask = 2147483647;
			files = (
			);
			runOnlyForDeploymentPostprocessing = 0;
		};
/* End PBXFrameworksBuildPhase section */

/* Begin PBXGroup section */
		20BA53061E2364BD00331AA9 = {
			isa = PBXGroup;
			children = (
				20BA53111E2364BD00331AA9 /* Notification */,
				20BA53101E2364BD00331AA9 /* Products */,
			);
			sourceTree = "<group>";
		};
		20BA53101E2364BD00331AA9 /* Products */ = {
			isa = PBXGroup;
			children = (
				20BA530F1E2364BD00331AA9 /* Notification.app */,
			);
			name = Products;
			sourceTree = "<group>";
		};
		20BA53111E2364BD00331AA9 /* Notification */ = {
			isa = PBXGroup;
			children = (
				20BA53121E2364BD00331AA9 /* AppDelegate.swift */,
				20BA53141E2364BD00331AA9 /* ViewController.swift */,
				20BA53161E2364BD00331AA9 /* Main.storyboard */,
				20BA53191E2364BD00331AA9 /* Assets.xcassets */,
				20BA531B1E2364BD00331AA9 /* LaunchScreen.storyboard */,
				20BA531E1E2364BD00331AA9 /* Info.plist */,
			);
			path = Notification;
			sourceTree = "<group>";
		};
/* End PBXGroup section */

/* Begin PBXNativeTarget section */
		20BA530E1E2364BD00331AA9 /* Notification */ = {
			isa = PBXNativeTarget;
			buildConfigurationList = 20BA53211E2364BD00331AA9 /* Build configuration list for PBXNativeTarget "Notification" */;
			buildPhases = (
				20BA530B1E2364BD00331AA9 /* Sources */,
				20BA530C1E2364BD00331AA9 /* Frameworks */,
				20BA530D1E2364BD00331AA9 /* Resources */,
			);
			buildRules = (
			);
			dependencies = (
			);
			name = Notification;
			productName = Notification;
			productReference = 20BA530F1E2364BD00331AA9 /* Notification.app */;
			productType = "com.apple.product-type.application";
		};
/* End PBXNativeTarget section */

/* Begin PBXProject section */
		20BA53071E2364BD00331AA9 /* Project object */ = {
			isa = PBXProject;
			attributes = {
				LastSwiftUpdateCheck = 0820;
				LastUpgradeCheck = 0820;
				ORGANIZATIONNAME = "Shridhar Mali";
				TargetAttributes = {
					20BA530E1E2364BD00331AA9 = {
						CreatedOnToolsVersion = 8.2.1;
						ProvisioningStyle = Automatic;
					};
				};
			};
			buildConfigurationList = 20BA530A1E2364BD00331AA9 /* Build configuration list for PBXProject "Notification" */;
			compatibilityVersion = "Xcode 3.2";
			developmentRegion = English;
			hasScannedForEncodings = 0;
			knownRegions = (
				en,
				Base,
			);
			mainGroup = 20BA53061E2364BD00331AA9;
			productRefGroup = 20BA53101E2364BD00331AA9 /* Products */;
			projectDirPath = "";
			projectRoot = "";
			targets = (
				20BA530E1E2364BD00331AA9 /* Notification */,
			);
		};
/* End PBXProject section */

/* Begin PBXResourcesBuildPhase section */
		20BA530D1E2364BD00331AA9 /* Resources */ = {
			isa = PBXResourcesBuildPhase;
			buildActionMask = 2147483647;
			files = (
				20BA531D1E2364BD00331AA9 /* LaunchScreen.storyboard in Resources */,
				20BA531A1E2364BD00331AA9 /* Assets.xcassets in Resources */,
				20BA53181E2364BD00331AA9 /* Main.storyboard in Resources */,
			);
			runOnlyForDeploymentPostprocessing = 0;
		};
/* End PBXResourcesBuildPhase section */

/* Begin PBXSourcesBuildPhase section */
		20BA530B1E2364BD00331AA9 /* Sources */ = {
			isa = PBXSourcesBuildPhase;
			buildActionMask = 2147483647;
			files = (
				20BA53151E2364BD00331AA9 /* ViewController.swift in Sources */,
				20BA53131E2364BD00331AA9 /* AppDelegate.swift in Sources */,
			);
			runOnlyForDeploymentPostprocessing = 0;
		};
/* End PBXSourcesBuildPhase section */

/* Begin PBXVariantGroup section */
		20BA53161E2364BD00331AA9 /* Main.storyboard */ = {
			isa = PBXVariantGroup;
			children = (
				20BA53171E2364BD00331AA9 /* Base */,
			);
			name = Main.storyboard;
			sourceTree = "<group>";
		};
		20BA531B1E2364BD00331AA9 /* LaunchScreen.storyboard */ = {
			isa = PBXVariantGroup;
			children = (
				20BA531C1E2364BD00331AA9 /* Base */,
			);
			name = LaunchScreen.storyboard;
			sourceTree = "<group>";
		};
/* End PBXVariantGroup section */

/* Begin XCBuildConfiguration section */
		20BA531F1E2364BD00331AA9 /* Debug */ = {
			isa = XCBuildConfiguration;
			buildSettings = {
				ALWAYS_SEARCH_USER_PATHS = NO;
				CLANG_ANALYZER_NONNULL = YES;
				CLANG_CXX_LANGUAGE_STANDARD = "gnu++0x";
				CLANG_CXX_LIBRARY = "libc++";
				CLANG_ENABLE_MODULES = YES;
				CLANG_ENABLE_OBJC_ARC = YES;
				CLANG_WARN_BOOL_CONVERSION = YES;
				CLANG_WARN_CONSTANT_CONVERSION = YES;
				CLANG_WARN_DIRECT_OBJC_ISA_USAGE = YES_ERROR;
				CLANG_WARN_DOCUMENTATION_COMMENTS = YES;
				CLANG_WARN_EMPTY_BODY = YES;
				CLANG_WARN_ENUM_CONVERSION = YES;
				CLANG_WARN_INFINITE_RECURSION = YES;
				CLANG_WARN_INT_CONVERSION = YES;
				CLANG_WARN_OBJC_ROOT_CLASS = YES_ERROR;
				CLANG_WARN_SUSPICIOUS_MOVE = YES;
				CLANG_WARN_UNREACHABLE_CODE = YES;
				CLANG_WARN__DUPLICATE_METHOD_MATCH = YES;
				"CODE_SIGN_IDENTITY[sdk=iphoneos*]" = "iPhone Developer";
				COPY_PHASE_STRIP = NO;
				DEBUG_INFORMATION_FORMAT = dwarf;
				ENABLE_STRICT_OBJC_MSGSEND = YES;
				ENABLE_TESTABILITY = YES;
				GCC_C_LANGUAGE_STANDARD = gnu99;
				GCC_DYNAMIC_NO_PIC = NO;
				GCC_NO_COMMON_BLOCKS = YES;
				GCC_OPTIMIZATION_LEVEL = 0;
				GCC_PREPROCESSOR_DEFINITIONS = (
					"DEBUG=1",
					"$(inherited)",
				);
				GCC_WARN_64_TO_32_BIT_CONVERSION = YES;
				GCC_WARN_ABOUT_RETURN_TYPE = YES_ERROR;
				GCC_WARN_UNDECLARED_SELECTOR = YES;
				GCC_WARN_UNINITIALIZED_AUTOS = YES_AGGRESSIVE;
				GCC_WARN_UNUSED_FUNCTION = YES;
				GCC_WARN_UNUSED_VARIABLE = YES;
				IPHONEOS_DEPLOYMENT_TARGET = 10.2;
				MTL_ENABLE_DEBUG_INFO = YES;
				ONLY_ACTIVE_ARCH = YES;
				SDKROOT = iphoneos;
				SWIFT_ACTIVE_COMPILATION_CONDITIONS = DEBUG;
				SWIFT_OPTIMIZATION_LEVEL = "-Onone";
				TARGETED_DEVICE_FAMILY = "1,2";
			};
			name = Debug;
		};
		20BA53201E2364BD00331AA9 /* Release */ = {
			isa = XCBuildConfiguration;
			buildSettings = {
				ALWAYS_SEARCH_USER_PATHS = NO;
				CLANG_ANALYZER_NONNULL = YES;
				CLANG_CXX_LANGUAGE_STANDARD = "gnu++0x";
				CLANG_CXX_LIBRARY = "libc++";
				CLANG_ENABLE_MODULES = YES;
				CLANG_ENABLE_OBJC_ARC = YES;
				CLANG_WARN_BOOL_CONVERSION = YES;
				CLANG_WARN_CONSTANT_CONVERSION = YES;
				CLANG_WARN_DIRECT_OBJC_ISA_USAGE = YES_ERROR;
				CLANG_WARN_DOCUMENTATION_COMMENTS = YES;
				CLANG_WARN_EMPTY_BODY = YES;
				CLANG_WARN_ENUM_CONVERSION = YES;
				CLANG_WARN_INFINITE_RECURSION = YES;
				CLANG_WARN_INT_CONVERSION = YES;
				CLANG_WARN_OBJC_ROOT_CLASS = YES_ERROR;
				CLANG_WARN_SUSPICIOUS_MOVE = YES;
				CLANG_WARN_UNREACHABLE_CODE = YES;
				CLANG_WARN__DUPLICATE_METHOD_MATCH = YES;
				"CODE_SIGN_IDENTITY[sdk=iphoneos*]" = "iPhone Developer";
				COPY_PHASE_STRIP = NO;
				DEBUG_INFORMATION_FORMAT = "dwarf-with-dsym";
				ENABLE_NS_ASSERTIONS = NO;
				ENABLE_STRICT_OBJC_MSGSEND = YES;
				GCC_C_LANGUAGE_STANDARD = gnu99;
				GCC_NO_COMMON_BLOCKS = YES;
				GCC_WARN_64_TO_32_BIT_CONVERSION = YES;
				GCC_WARN_ABOUT_RETURN_TYPE = YES_ERROR;
				GCC_WARN_UNDECLARED_SELECTOR = YES;
				GCC_WARN_UNINITIALIZED_AUTOS = YES_AGGRESSIVE;
				GCC_WARN_UNUSED_FUNCTION = YES;
				GCC_WARN_UNUSED_VARIABLE = YES;
				IPHONEOS_DEPLOYMENT_TARGET = 10.2;
				MTL_ENABLE_DEBUG_INFO = NO;
				SDKROOT = iphoneos;
				SWIFT_OPTIMIZATION_LEVEL = "-Owholemodule";
				TARGETED_DEVICE_FAMILY = "1,2";
				VALIDATE_PRODUCT = YES;
			};
			name = Release;
		};
		20BA53221E2364BD00331AA9 /* Debug */ = {
			isa = XCBuildConfiguration;
			buildSettings = {
				ASSETCATALOG_COMPILER_APPICON_NAME = AppIcon;
				INFOPLIST_FILE = Notification/Info.plist;
				LD_RUNPATH_SEARCH_PATHS = "$(inherited) @executable_path/Frameworks";
				PRODUCT_BUNDLE_IDENTIFIER = Altimetrik.Notification;
				PRODUCT_NAME = "$(TARGET_NAME)";
				SWIFT_VERSION = 3.0;
			};
			name = Debug;
		};
		20BA53231E2364BD00331AA9 /* Release */ = {
			isa = XCBuildConfiguration;
			buildSettings = {
				ASSETCATALOG_COMPILER_APPICON_NAME = AppIcon;
				INFOPLIST_FILE = Notification/Info.plist;
				LD_RUNPATH_SEARCH_PATHS = "$(inherited) @executable_path/Frameworks";
				PRODUCT_BUNDLE_IDENTIFIER = Altimetrik.Notification;
				PRODUCT_NAME = "$(TARGET_NAME)";
				SWIFT_VERSION = 3.0;
			};
			name = Release;
		};
/* End XCBuildConfiguration section */

/* Begin XCConfigurationList section */
		20BA530A1E2364BD00331AA9 /* Build configuration list for PBXProject "Notification" */ = {
			isa = XCConfigurationList;
			buildConfigurations = (
				20BA531F1E2364BD00331AA9 /* Debug */,
				20BA53201E2364BD00331AA9 /* Release */,
			);
			defaultConfigurationIsVisible = 0;
			defaultConfigurationName = Release;
		};
		20BA53211E2364BD00331AA9 /* Build configuration list for PBXNativeTarget "Notification" */ = {
			isa = XCConfigurationList;
			buildConfigurations = (
				20BA53221E2364BD00331AA9 /* Debug */,
				20BA53231E2364BD00331AA9 /* Release */,
			);
			defaultConfigurationIsVisible = 0;
		};
/* End XCConfigurationList section */
	};
	rootObject = 20BA53071E2364BD00331AA9 /* Project object */;
}
