// !$*UTF8*$!
{
	archiveVersion = 1;
	classes = {
	};
	objectVersion = 46;
	objects = {

/* Begin PBXBuildFile section */
		20B8D9921F69509A00863C8D /* AppDelegate.swift in Sources */ = {isa = PBXBuildFile; fileRef = 20B8D9911F69509A00863C8D /* AppDelegate.swift */; };
		20B8D9941F69509A00863C8D /* ViewController.swift in Sources */ = {isa = PBXBuildFile; fileRef = 20B8D9931F69509A00863C8D /* ViewController.swift */; };
		20B8D9971F69509A00863C8D /* Main.storyboard in Resources */ = {isa = PBXBuildFile; fileRef = 20B8D9951F69509A00863C8D /* Main.storyboard */; };
		20B8D9991F69509A00863C8D /* Assets.xcassets in Resources */ = {isa = PBXBuildFile; fileRef = 20B8D9981F69509A00863C8D /* Assets.xcassets */; };
		20B8D99C1F69509A00863C8D /* LaunchScreen.storyboard in Resources */ = {isa = PBXBuildFile; fileRef = 20B8D99A1F69509A00863C8D /* LaunchScreen.storyboard */; };
		E2BF57296D2A01D797CBE2E8 /* Pods_SwiftLint.framework in Frameworks */ = {isa = PBXBuildFile; fileRef = 538F077EA7E11E72A52FF008 /* Pods_SwiftLint.framework */; };
/* End PBXBuildFile section */

/* Begin PBXFileReference section */
		20B8D98E1F69509A00863C8D /* SwiftLint.app */ = {isa = PBXFileReference; explicitFileType = wrapper.application; includeInIndex = 0; path = SwiftLint.app; sourceTree = BUILT_PRODUCTS_DIR; };
		20B8D9911F69509A00863C8D /* AppDelegate.swift */ = {isa = PBXFileReference; lastKnownFileType = sourcecode.swift; path = AppDelegate.swift; sourceTree = "<group>"; };
		20B8D9931F69509A00863C8D /* ViewController.swift */ = {isa = PBXFileReference; lastKnownFileType = sourcecode.swift; path = ViewController.swift; sourceTree = "<group>"; };
		20B8D9961F69509A00863C8D /* Base */ = {isa = PBXFileReference; lastKnownFileType = file.storyboard; name = Base; path = Base.lproj/Main.storyboard; sourceTree = "<group>"; };
		20B8D9981F69509A00863C8D /* Assets.xcassets */ = {isa = PBXFileReference; lastKnownFileType = folder.assetcatalog; path = Assets.xcassets; sourceTree = "<group>"; };
		20B8D99B1F69509A00863C8D /* Base */ = {isa = PBXFileReference; lastKnownFileType = file.storyboard; name = Base; path = Base.lproj/LaunchScreen.storyboard; sourceTree = "<group>"; };
		20B8D99D1F69509A00863C8D /* Info.plist */ = {isa = PBXFileReference; lastKnownFileType = text.plist.xml; path = Info.plist; sourceTree = "<group>"; };
		538F077EA7E11E72A52FF008 /* Pods_SwiftLint.framework */ = {isa = PBXFileReference; explicitFileType = wrapper.framework; includeInIndex = 0; path = Pods_SwiftLint.framework; sourceTree = BUILT_PRODUCTS_DIR; };
		87CECF62F58C5B3BC2A34A05 /* Pods-SwiftLint.release.xcconfig */ = {isa = PBXFileReference; includeInIndex = 1; lastKnownFileType = text.xcconfig; name = "Pods-SwiftLint.release.xcconfig"; path = "Pods/Target Support Files/Pods-SwiftLint/Pods-SwiftLint.release.xcconfig"; sourceTree = "<group>"; };
		CD25EF25B79FD096E6EEBE20 /* Pods-SwiftLint.debug.xcconfig */ = {isa = PBXFileReference; includeInIndex = 1; lastKnownFileType = text.xcconfig; name = "Pods-SwiftLint.debug.xcconfig"; path = "Pods/Target Support Files/Pods-SwiftLint/Pods-SwiftLint.debug.xcconfig"; sourceTree = "<group>"; };
/* End PBXFileReference section */

/* Begin PBXFrameworksBuildPhase section */
		20B8D98B1F69509A00863C8D /* Frameworks */ = {
			isa = PBXFrameworksBuildPhase;
			buildActionMask = 2147483647;
			files = (
				E2BF57296D2A01D797CBE2E8 /* Pods_SwiftLint.framework in Frameworks */,
			);
			runOnlyForDeploymentPostprocessing = 0;
		};
/* End PBXFrameworksBuildPhase section */

/* Begin PBXGroup section */
		20B8D9851F69509A00863C8D = {
			isa = PBXGroup;
			children = (
				20B8D9901F69509A00863C8D /* SwiftLint */,
				20B8D98F1F69509A00863C8D /* Products */,
				57B0C1DE0410EC8A7A2DB138 /* Pods */,
				A91D87B3DFEB915D72D0C692 /* Frameworks */,
			);
			sourceTree = "<group>";
		};
		20B8D98F1F69509A00863C8D /* Products */ = {
			isa = PBXGroup;
			children = (
				20B8D98E1F69509A00863C8D /* SwiftLint.app */,
			);
			name = Products;
			sourceTree = "<group>";
		};
		20B8D9901F69509A00863C8D /* SwiftLint */ = {
			isa = PBXGroup;
			children = (
				20B8D9911F69509A00863C8D /* AppDelegate.swift */,
				20B8D9931F69509A00863C8D /* ViewController.swift */,
				20B8D9951F69509A00863C8D /* Main.storyboard */,
				20B8D9981F69509A00863C8D /* Assets.xcassets */,
				20B8D99A1F69509A00863C8D /* LaunchScreen.storyboard */,
				20B8D99D1F69509A00863C8D /* Info.plist */,
			);
			path = SwiftLint;
			sourceTree = "<group>";
		};
		57B0C1DE0410EC8A7A2DB138 /* Pods */ = {
			isa = PBXGroup;
			children = (
				CD25EF25B79FD096E6EEBE20 /* Pods-SwiftLint.debug.xcconfig */,
				87CECF62F58C5B3BC2A34A05 /* Pods-SwiftLint.release.xcconfig */,
			);
			name = Pods;
			sourceTree = "<group>";
		};
		A91D87B3DFEB915D72D0C692 /* Frameworks */ = {
			isa = PBXGroup;
			children = (
				538F077EA7E11E72A52FF008 /* Pods_SwiftLint.framework */,
			);
			name = Frameworks;
			sourceTree = "<group>";
		};
/* End PBXGroup section */

/* Begin PBXNativeTarget section */
		20B8D98D1F69509A00863C8D /* SwiftLint */ = {
			isa = PBXNativeTarget;
			buildConfigurationList = 20B8D9A01F69509A00863C8D /* Build configuration list for PBXNativeTarget "SwiftLint" */;
			buildPhases = (
				97BD9A430490580D4D5ED55A /* [CP] Check Pods Manifest.lock */,
				20B8D98A1F69509A00863C8D /* Sources */,
				20B8D98B1F69509A00863C8D /* Frameworks */,
				20B8D98C1F69509A00863C8D /* Resources */,
				6F7FE5EFB38C36700128132F /* [CP] Embed Pods Frameworks */,
				CA4D7E774D7542E819B65647 /* [CP] Copy Pods Resources */,
			);
			buildRules = (
			);
			dependencies = (
			);
			name = SwiftLint;
			productName = SwiftLint;
			productReference = 20B8D98E1F69509A00863C8D /* SwiftLint.app */;
			productType = "com.apple.product-type.application";
		};
/* End PBXNativeTarget section */

/* Begin PBXProject section */
		20B8D9861F69509A00863C8D /* Project object */ = {
			isa = PBXProject;
			attributes = {
				LastSwiftUpdateCheck = 0830;
				LastUpgradeCheck = 0830;
				ORGANIZATIONNAME = "Shridhar Mali";
				TargetAttributes = {
					20B8D98D1F69509A00863C8D = {
						CreatedOnToolsVersion = 8.3.3;
						ProvisioningStyle = Automatic;
					};
				};
			};
			buildConfigurationList = 20B8D9891F69509A00863C8D /* Build configuration list for PBXProject "SwiftLint" */;
			compatibilityVersion = "Xcode 3.2";
			developmentRegion = English;
			hasScannedForEncodings = 0;
			knownRegions = (
				en,
				Base,
			);
			mainGroup = 20B8D9851F69509A00863C8D;
			productRefGroup = 20B8D98F1F69509A00863C8D /* Products */;
			projectDirPath = "";
			projectRoot = "";
			targets = (
				20B8D98D1F69509A00863C8D /* SwiftLint */,
			);
		};
/* End PBXProject section */

/* Begin PBXResourcesBuildPhase section */
		20B8D98C1F69509A00863C8D /* Resources */ = {
			isa = PBXResourcesBuildPhase;
			buildActionMask = 2147483647;
			files = (
				20B8D99C1F69509A00863C8D /* LaunchScreen.storyboard in Resources */,
				20B8D9991F69509A00863C8D /* Assets.xcassets in Resources */,
				20B8D9971F69509A00863C8D /* Main.storyboard in Resources */,
			);
			runOnlyForDeploymentPostprocessing = 0;
		};
/* End PBXResourcesBuildPhase section */

/* Begin PBXShellScriptBuildPhase section */
		6F7FE5EFB38C36700128132F /* [CP] Embed Pods Frameworks */ = {
			isa = PBXShellScriptBuildPhase;
			buildActionMask = 2147483647;
			files = (
			);
			inputPaths = (
			);
			name = "[CP] Embed Pods Frameworks";
			outputPaths = (
			);
			runOnlyForDeploymentPostprocessing = 0;
			shellPath = /bin/sh;
			shellScript = "\"${SRCROOT}/Pods/Target Support Files/Pods-SwiftLint/Pods-SwiftLint-frameworks.sh\"\n";
			showEnvVarsInLog = 0;
		};
		97BD9A430490580D4D5ED55A /* [CP] Check Pods Manifest.lock */ = {
			isa = PBXShellScriptBuildPhase;
			buildActionMask = 2147483647;
			files = (
			);
			inputPaths = (
			);
			name = "[CP] Check Pods Manifest.lock";
			outputPaths = (
			);
			runOnlyForDeploymentPostprocessing = 0;
			shellPath = /bin/sh;
			shellScript = "diff \"${PODS_ROOT}/../Podfile.lock\" \"${PODS_ROOT}/Manifest.lock\" > /dev/null\nif [ $? != 0 ] ; then\n    # print error to STDERR\n    echo \"error: The sandbox is not in sync with the Podfile.lock. Run 'pod install' or update your CocoaPods installation.\" >&2\n    exit 1\nfi\n";
			showEnvVarsInLog = 0;
		};
		CA4D7E774D7542E819B65647 /* [CP] Copy Pods Resources */ = {
			isa = PBXShellScriptBuildPhase;
			buildActionMask = 2147483647;
			files = (
			);
			inputPaths = (
			);
			name = "[CP] Copy Pods Resources";
			outputPaths = (
			);
			runOnlyForDeploymentPostprocessing = 0;
			shellPath = /bin/sh;
			shellScript = "\"${SRCROOT}/Pods/Target Support Files/Pods-SwiftLint/Pods-SwiftLint-resources.sh\"\n";
			showEnvVarsInLog = 0;
		};
/* End PBXShellScriptBuildPhase section */

/* Begin PBXSourcesBuildPhase section */
		20B8D98A1F69509A00863C8D /* Sources */ = {
			isa = PBXSourcesBuildPhase;
			buildActionMask = 2147483647;
			files = (
				20B8D9941F69509A00863C8D /* ViewController.swift in Sources */,
				20B8D9921F69509A00863C8D /* AppDelegate.swift in Sources */,
			);
			runOnlyForDeploymentPostprocessing = 0;
		};
/* End PBXSourcesBuildPhase section */

/* Begin PBXVariantGroup section */
		20B8D9951F69509A00863C8D /* Main.storyboard */ = {
			isa = PBXVariantGroup;
			children = (
				20B8D9961F69509A00863C8D /* Base */,
			);
			name = Main.storyboard;
			sourceTree = "<group>";
		};
		20B8D99A1F69509A00863C8D /* LaunchScreen.storyboard */ = {
			isa = PBXVariantGroup;
			children = (
				20B8D99B1F69509A00863C8D /* Base */,
			);
			name = LaunchScreen.storyboard;
			sourceTree = "<group>";
		};
/* End PBXVariantGroup section */

/* Begin XCBuildConfiguration section */
		20B8D99E1F69509A00863C8D /* Debug */ = {
			isa = XCBuildConfiguration;
			buildSettings = {
				ALWAYS_SEARCH_USER_PATHS = NO;
				CLANG_ANALYZER_NONNULL = YES;
				CLANG_ANALYZER_NUMBER_OBJECT_CONVERSION = YES_AGGRESSIVE;
				CLANG_CXX_LANGUAGE_STANDARD = "gnu++0x";
				CLANG_CXX_LIBRARY = "libc++";
				CLANG_ENABLE_MODULES = YES;
				CLANG_ENABLE_OBJC_ARC = YES;
				CLANG_WARN_BOOL_CONVERSION = YES;
				CLANG_WARN_CONSTANT_CONVERSION = YES;
				CLANG_WARN_DIRECT_OBJC_ISA_USAGE = YES_ERROR;
				CLANG_WARN_DOCUMENTATION_COMMENTS = YES;
				CLANG_WARN_EMPTY_BODY = YES;
				CLANG_WARN_ENUM_CONVERSION = YES;
				CLANG_WARN_INFINITE_RECURSION = YES;
				CLANG_WARN_INT_CONVERSION = YES;
				CLANG_WARN_OBJC_ROOT_CLASS = YES_ERROR;
				CLANG_WARN_SUSPICIOUS_MOVE = YES;
				CLANG_WARN_UNREACHABLE_CODE = YES;
				CLANG_WARN__DUPLICATE_METHOD_MATCH = YES;
				"CODE_SIGN_IDENTITY[sdk=iphoneos*]" = "iPhone Developer";
				COPY_PHASE_STRIP = NO;
				DEBUG_INFORMATION_FORMAT = dwarf;
				ENABLE_STRICT_OBJC_MSGSEND = YES;
				ENABLE_TESTABILITY = YES;
				GCC_C_LANGUAGE_STANDARD = gnu99;
				GCC_DYNAMIC_NO_PIC = NO;
				GCC_NO_COMMON_BLOCKS = YES;
				GCC_OPTIMIZATION_LEVEL = 0;
				GCC_PREPROCESSOR_DEFINITIONS = (
					"DEBUG=1",
					"$(inherited)",
				);
				GCC_WARN_64_TO_32_BIT_CONVERSION = YES;
				GCC_WARN_ABOUT_RETURN_TYPE = YES_ERROR;
				GCC_WARN_UNDECLARED_SELECTOR = YES;
				GCC_WARN_UNINITIALIZED_AUTOS = YES_AGGRESSIVE;
				GCC_WARN_UNUSED_FUNCTION = YES;
				GCC_WARN_UNUSED_VARIABLE = YES;
				IPHONEOS_DEPLOYMENT_TARGET = 10.3;
				MTL_ENABLE_DEBUG_INFO = YES;
				ONLY_ACTIVE_ARCH = YES;
				SDKROOT = iphoneos;
				SWIFT_ACTIVE_COMPILATION_CONDITIONS = DEBUG;
				SWIFT_OPTIMIZATION_LEVEL = "-Onone";
				TARGETED_DEVICE_FAMILY = "1,2";
			};
			name = Debug;
		};
		20B8D99F1F69509A00863C8D /* Release */ = {
			isa = XCBuildConfiguration;
			buildSettings = {
				ALWAYS_SEARCH_USER_PATHS = NO;
				CLANG_ANALYZER_NONNULL = YES;
				CLANG_ANALYZER_NUMBER_OBJECT_CONVERSION = YES_AGGRESSIVE;
				CLANG_CXX_LANGUAGE_STANDARD = "gnu++0x";
				CLANG_CXX_LIBRARY = "libc++";
				CLANG_ENABLE_MODULES = YES;
				CLANG_ENABLE_OBJC_ARC = YES;
				CLANG_WARN_BOOL_CONVERSION = YES;
				CLANG_WARN_CONSTANT_CONVERSION = YES;
				CLANG_WARN_DIRECT_OBJC_ISA_USAGE = YES_ERROR;
				CLANG_WARN_DOCUMENTATION_COMMENTS = YES;
				CLANG_WARN_EMPTY_BODY = YES;
				CLANG_WARN_ENUM_CONVERSION = YES;
				CLANG_WARN_INFINITE_RECURSION = YES;
				CLANG_WARN_INT_CONVERSION = YES;
				CLANG_WARN_OBJC_ROOT_CLASS = YES_ERROR;
				CLANG_WARN_SUSPICIOUS_MOVE = YES;
				CLANG_WARN_UNREACHABLE_CODE = YES;
				CLANG_WARN__DUPLICATE_METHOD_MATCH = YES;
				"CODE_SIGN_IDENTITY[sdk=iphoneos*]" = "iPhone Developer";
				COPY_PHASE_STRIP = NO;
				DEBUG_INFORMATION_FORMAT = "dwarf-with-dsym";
				ENABLE_NS_ASSERTIONS = NO;
				ENABLE_STRICT_OBJC_MSGSEND = YES;
				GCC_C_LANGUAGE_STANDARD = gnu99;
				GCC_NO_COMMON_BLOCKS = YES;
				GCC_WARN_64_TO_32_BIT_CONVERSION = YES;
				GCC_WARN_ABOUT_RETURN_TYPE = YES_ERROR;
				GCC_WARN_UNDECLARED_SELECTOR = YES;
				GCC_WARN_UNINITIALIZED_AUTOS = YES_AGGRESSIVE;
				GCC_WARN_UNUSED_FUNCTION = YES;
				GCC_WARN_UNUSED_VARIABLE = YES;
				IPHONEOS_DEPLOYMENT_TARGET = 10.3;
				MTL_ENABLE_DEBUG_INFO = NO;
				SDKROOT = iphoneos;
				SWIFT_OPTIMIZATION_LEVEL = "-Owholemodule";
				TARGETED_DEVICE_FAMILY = "1,2";
				VALIDATE_PRODUCT = YES;
			};
			name = Release;
		};
		20B8D9A11F69509A00863C8D /* Debug */ = {
			isa = XCBuildConfiguration;
			baseConfigurationReference = CD25EF25B79FD096E6EEBE20 /* Pods-SwiftLint.debug.xcconfig */;
			buildSettings = {
				ASSETCATALOG_COMPILER_APPICON_NAME = AppIcon;
				INFOPLIST_FILE = SwiftLint/Info.plist;
				LD_RUNPATH_SEARCH_PATHS = "$(inherited) @executable_path/Frameworks";
				PRODUCT_BUNDLE_IDENTIFIER = Shridharmali.SwiftLint;
				PRODUCT_NAME = "$(TARGET_NAME)";
				SWIFT_VERSION = 3.0;
			};
			name = Debug;
		};
		20B8D9A21F69509A00863C8D /* Release */ = {
			isa = XCBuildConfiguration;
			baseConfigurationReference = 87CECF62F58C5B3BC2A34A05 /* Pods-SwiftLint.release.xcconfig */;
			buildSettings = {
				ASSETCATALOG_COMPILER_APPICON_NAME = AppIcon;
				INFOPLIST_FILE = SwiftLint/Info.plist;
				LD_RUNPATH_SEARCH_PATHS = "$(inherited) @executable_path/Frameworks";
				PRODUCT_BUNDLE_IDENTIFIER = Shridharmali.SwiftLint;
				PRODUCT_NAME = "$(TARGET_NAME)";
				SWIFT_VERSION = 3.0;
			};
			name = Release;
		};
/* End XCBuildConfiguration section */

/* Begin XCConfigurationList section */
		20B8D9891F69509A00863C8D /* Build configuration list for PBXProject "SwiftLint" */ = {
			isa = XCConfigurationList;
			buildConfigurations = (
				20B8D99E1F69509A00863C8D /* Debug */,
				20B8D99F1F69509A00863C8D /* Release */,
			);
			defaultConfigurationIsVisible = 0;
			defaultConfigurationName = Release;
		};
		20B8D9A01F69509A00863C8D /* Build configuration list for PBXNativeTarget "SwiftLint" */ = {
			isa = XCConfigurationList;
			buildConfigurations = (
				20B8D9A11F69509A00863C8D /* Debug */,
				20B8D9A21F69509A00863C8D /* Release */,
			);
			defaultConfigurationIsVisible = 0;
		};
/* End XCConfigurationList section */
	};
	rootObject = 20B8D9861F69509A00863C8D /* Project object */;
}
