// !$*UTF8*$!
{
	archiveVersion = 1;
	classes = {
	};
	objectVersion = 46;
	objects = {

/* Begin PBXBuildFile section */
		20FAB47F1E373AAF005DEE32 /* AppDelegate.swift in Sources */ = {isa = PBXBuildFile; fileRef = 20FAB47E1E373AAF005DEE32 /* AppDelegate.swift */; };
		20FAB4811E373AAF005DEE32 /* ViewController.swift in Sources */ = {isa = PBXBuildFile; fileRef = 20FAB4801E373AAF005DEE32 /* ViewController.swift */; };
		20FAB4841E373AAF005DEE32 /* Main.storyboard in Resources */ = {isa = PBXBuildFile; fileRef = 20FAB4821E373AAF005DEE32 /* Main.storyboard */; };
		20FAB4861E373AAF005DEE32 /* Assets.xcassets in Resources */ = {isa = PBXBuildFile; fileRef = 20FAB4851E373AAF005DEE32 /* Assets.xcassets */; };
		20FAB4891E373AAF005DEE32 /* LaunchScreen.storyboard in Resources */ = {isa = PBXBuildFile; fileRef = 20FAB4871E373AAF005DEE32 /* LaunchScreen.storyboard */; };
		20FAB4911E373F01005DEE32 /* MiniPlayerViewController.swift in Sources */ = {isa = PBXBuildFile; fileRef = 20FAB4901E373F01005DEE32 /* MiniPlayerViewController.swift */; };
		20FAB4931E38ABC4005DEE32 /* SecondViewController.swift in Sources */ = {isa = PBXBuildFile; fileRef = 20FAB4921E38ABC4005DEE32 /* SecondViewController.swift */; };
		20FAB4951E38C741005DEE32 /* unnamed.png in Resources */ = {isa = PBXBuildFile; fileRef = 20FAB4941E38C741005DEE32 /* unnamed.png */; };
		20FAB49A1E38CECF005DEE32 /* AVFoundation.framework in Frameworks */ = {isa = PBXBuildFile; fileRef = 20FAB4991E38CECF005DEE32 /* AVFoundation.framework */; };
		92AB1495EF1DCDEF0A928B0A /* Pods_MusicTransition.framework in Frameworks */ = {isa = PBXBuildFile; fileRef = 31DBFA4DB76C92EADEE7CE57 /* Pods_MusicTransition.framework */; };
/* End PBXBuildFile section */

/* Begin PBXFileReference section */
		099F905C7701A6DADE428FEA /* Pods-MusicTransition.release.xcconfig */ = {isa = PBXFileReference; includeInIndex = 1; lastKnownFileType = text.xcconfig; name = "Pods-MusicTransition.release.xcconfig"; path = "Pods/Target Support Files/Pods-MusicTransition/Pods-MusicTransition.release.xcconfig"; sourceTree = "<group>"; };
		20FAB47B1E373AAF005DEE32 /* MusicTransition.app */ = {isa = PBXFileReference; explicitFileType = wrapper.application; includeInIndex = 0; path = MusicTransition.app; sourceTree = BUILT_PRODUCTS_DIR; };
		20FAB47E1E373AAF005DEE32 /* AppDelegate.swift */ = {isa = PBXFileReference; lastKnownFileType = sourcecode.swift; path = AppDelegate.swift; sourceTree = "<group>"; };
		20FAB4801E373AAF005DEE32 /* ViewController.swift */ = {isa = PBXFileReference; lastKnownFileType = sourcecode.swift; path = ViewController.swift; sourceTree = "<group>"; };
		20FAB4831E373AAF005DEE32 /* Base */ = {isa = PBXFileReference; lastKnownFileType = file.storyboard; name = Base; path = Base.lproj/Main.storyboard; sourceTree = "<group>"; };
		20FAB4851E373AAF005DEE32 /* Assets.xcassets */ = {isa = PBXFileReference; lastKnownFileType = folder.assetcatalog; path = Assets.xcassets; sourceTree = "<group>"; };
		20FAB4881E373AAF005DEE32 /* Base */ = {isa = PBXFileReference; lastKnownFileType = file.storyboard; name = Base; path = Base.lproj/LaunchScreen.storyboard; sourceTree = "<group>"; };
		20FAB48A1E373AAF005DEE32 /* Info.plist */ = {isa = PBXFileReference; lastKnownFileType = text.plist.xml; path = Info.plist; sourceTree = "<group>"; };
		20FAB4901E373F01005DEE32 /* MiniPlayerViewController.swift */ = {isa = PBXFileReference; fileEncoding = 4; lastKnownFileType = sourcecode.swift; path = MiniPlayerViewController.swift; sourceTree = "<group>"; };
		20FAB4921E38ABC4005DEE32 /* SecondViewController.swift */ = {isa = PBXFileReference; fileEncoding = 4; lastKnownFileType = sourcecode.swift; path = SecondViewController.swift; sourceTree = "<group>"; };
		20FAB4941E38C741005DEE32 /* unnamed.png */ = {isa = PBXFileReference; lastKnownFileType = image.png; path = unnamed.png; sourceTree = "<group>"; };
		20FAB4991E38CECF005DEE32 /* AVFoundation.framework */ = {isa = PBXFileReference; lastKnownFileType = wrapper.framework; name = AVFoundation.framework; path = System/Library/Frameworks/AVFoundation.framework; sourceTree = SDKROOT; };
		31DBFA4DB76C92EADEE7CE57 /* Pods_MusicTransition.framework */ = {isa = PBXFileReference; explicitFileType = wrapper.framework; includeInIndex = 0; path = Pods_MusicTransition.framework; sourceTree = BUILT_PRODUCTS_DIR; };
		7C444B91D7E2A76F4D2C6399 /* Pods-MusicTransition.debug.xcconfig */ = {isa = PBXFileReference; includeInIndex = 1; lastKnownFileType = text.xcconfig; name = "Pods-MusicTransition.debug.xcconfig"; path = "Pods/Target Support Files/Pods-MusicTransition/Pods-MusicTransition.debug.xcconfig"; sourceTree = "<group>"; };
/* End PBXFileReference section */

/* Begin PBXFrameworksBuildPhase section */
		20FAB4781E373AAF005DEE32 /* Frameworks */ = {
			isa = PBXFrameworksBuildPhase;
			buildActionMask = 2147483647;
			files = (
				20FAB49A1E38CECF005DEE32 /* AVFoundation.framework in Frameworks */,
				92AB1495EF1DCDEF0A928B0A /* Pods_MusicTransition.framework in Frameworks */,
			);
			runOnlyForDeploymentPostprocessing = 0;
		};
/* End PBXFrameworksBuildPhase section */

/* Begin PBXGroup section */
		20FAB4721E373AAF005DEE32 = {
			isa = PBXGroup;
			children = (
				20FAB47D1E373AAF005DEE32 /* MusicTransition */,
				20FAB47C1E373AAF005DEE32 /* Products */,
				20FAB4981E38CECF005DEE32 /* Frameworks */,
				5503EB14AC6773574C81D608 /* Pods */,
			);
			sourceTree = "<group>";
		};
		20FAB47C1E373AAF005DEE32 /* Products */ = {
			isa = PBXGroup;
			children = (
				20FAB47B1E373AAF005DEE32 /* MusicTransition.app */,
			);
			name = Products;
			sourceTree = "<group>";
		};
		20FAB47D1E373AAF005DEE32 /* MusicTransition */ = {
			isa = PBXGroup;
			children = (
				20FAB47E1E373AAF005DEE32 /* AppDelegate.swift */,
				20FAB4801E373AAF005DEE32 /* ViewController.swift */,
				20FAB4921E38ABC4005DEE32 /* SecondViewController.swift */,
				20FAB4821E373AAF005DEE32 /* Main.storyboard */,
				20FAB4941E38C741005DEE32 /* unnamed.png */,
				20FAB4851E373AAF005DEE32 /* Assets.xcassets */,
				20FAB4871E373AAF005DEE32 /* LaunchScreen.storyboard */,
				20FAB48A1E373AAF005DEE32 /* Info.plist */,
				20FAB4901E373F01005DEE32 /* MiniPlayerViewController.swift */,
			);
			path = MusicTransition;
			sourceTree = "<group>";
		};
		20FAB4981E38CECF005DEE32 /* Frameworks */ = {
			isa = PBXGroup;
			children = (
				20FAB4991E38CECF005DEE32 /* AVFoundation.framework */,
				31DBFA4DB76C92EADEE7CE57 /* Pods_MusicTransition.framework */,
			);
			name = Frameworks;
			sourceTree = "<group>";
		};
		5503EB14AC6773574C81D608 /* Pods */ = {
			isa = PBXGroup;
			children = (
				7C444B91D7E2A76F4D2C6399 /* Pods-MusicTransition.debug.xcconfig */,
				099F905C7701A6DADE428FEA /* Pods-MusicTransition.release.xcconfig */,
			);
			name = Pods;
			sourceTree = "<group>";
		};
/* End PBXGroup section */

/* Begin PBXNativeTarget section */
		20FAB47A1E373AAF005DEE32 /* MusicTransition */ = {
			isa = PBXNativeTarget;
			buildConfigurationList = 20FAB48D1E373AAF005DEE32 /* Build configuration list for PBXNativeTarget "MusicTransition" */;
			buildPhases = (
				4E36E033A4A681CFD2D6AC3D /* [CP] Check Pods Manifest.lock */,
				20FAB4771E373AAF005DEE32 /* Sources */,
				20FAB4781E373AAF005DEE32 /* Frameworks */,
				20FAB4791E373AAF005DEE32 /* Resources */,
				848BF6E55D0A0C30402B80A4 /* [CP] Embed Pods Frameworks */,
				0B19C879D1E38E8C808645D9 /* [CP] Copy Pods Resources */,
			);
			buildRules = (
			);
			dependencies = (
			);
			name = MusicTransition;
			productName = MusicTransition;
			productReference = 20FAB47B1E373AAF005DEE32 /* MusicTransition.app */;
			productType = "com.apple.product-type.application";
		};
/* End PBXNativeTarget section */

/* Begin PBXProject section */
		20FAB4731E373AAF005DEE32 /* Project object */ = {
			isa = PBXProject;
			attributes = {
				LastSwiftUpdateCheck = 0820;
				LastUpgradeCheck = 0820;
				ORGANIZATIONNAME = "Shridhar Mali";
				TargetAttributes = {
					20FAB47A1E373AAF005DEE32 = {
						CreatedOnToolsVersion = 8.2.1;
						ProvisioningStyle = Automatic;
					};
				};
			};
			buildConfigurationList = 20FAB4761E373AAF005DEE32 /* Build configuration list for PBXProject "MusicTransition" */;
			compatibilityVersion = "Xcode 3.2";
			developmentRegion = English;
			hasScannedForEncodings = 0;
			knownRegions = (
				en,
				Base,
			);
			mainGroup = 20FAB4721E373AAF005DEE32;
			productRefGroup = 20FAB47C1E373AAF005DEE32 /* Products */;
			projectDirPath = "";
			projectRoot = "";
			targets = (
				20FAB47A1E373AAF005DEE32 /* MusicTransition */,
			);
		};
/* End PBXProject section */

/* Begin PBXResourcesBuildPhase section */
		20FAB4791E373AAF005DEE32 /* Resources */ = {
			isa = PBXResourcesBuildPhase;
			buildActionMask = 2147483647;
			files = (
				20FAB4891E373AAF005DEE32 /* LaunchScreen.storyboard in Resources */,
				20FAB4861E373AAF005DEE32 /* Assets.xcassets in Resources */,
				20FAB4951E38C741005DEE32 /* unnamed.png in Resources */,
				20FAB4841E373AAF005DEE32 /* Main.storyboard in Resources */,
			);
			runOnlyForDeploymentPostprocessing = 0;
		};
/* End PBXResourcesBuildPhase section */

/* Begin PBXShellScriptBuildPhase section */
		0B19C879D1E38E8C808645D9 /* [CP] Copy Pods Resources */ = {
			isa = PBXShellScriptBuildPhase;
			buildActionMask = 2147483647;
			files = (
			);
			inputPaths = (
			);
			name = "[CP] Copy Pods Resources";
			outputPaths = (
			);
			runOnlyForDeploymentPostprocessing = 0;
			shellPath = /bin/sh;
			shellScript = "\"${SRCROOT}/Pods/Target Support Files/Pods-MusicTransition/Pods-MusicTransition-resources.sh\"\n";
			showEnvVarsInLog = 0;
		};
		4E36E033A4A681CFD2D6AC3D /* [CP] Check Pods Manifest.lock */ = {
			isa = PBXShellScriptBuildPhase;
			buildActionMask = 2147483647;
			files = (
			);
			inputPaths = (
			);
			name = "[CP] Check Pods Manifest.lock";
			outputPaths = (
			);
			runOnlyForDeploymentPostprocessing = 0;
			shellPath = /bin/sh;
			shellScript = "diff \"${PODS_ROOT}/../Podfile.lock\" \"${PODS_ROOT}/Manifest.lock\" > /dev/null\nif [ $? != 0 ] ; then\n    # print error to STDERR\n    echo \"error: The sandbox is not in sync with the Podfile.lock. Run 'pod install' or update your CocoaPods installation.\" >&2\n    exit 1\nfi\n";
			showEnvVarsInLog = 0;
		};
		848BF6E55D0A0C30402B80A4 /* [CP] Embed Pods Frameworks */ = {
			isa = PBXShellScriptBuildPhase;
			buildActionMask = 2147483647;
			files = (
			);
			inputPaths = (
			);
			name = "[CP] Embed Pods Frameworks";
			outputPaths = (
			);
			runOnlyForDeploymentPostprocessing = 0;
			shellPath = /bin/sh;
			shellScript = "\"${SRCROOT}/Pods/Target Support Files/Pods-MusicTransition/Pods-MusicTransition-frameworks.sh\"\n";
			showEnvVarsInLog = 0;
		};
/* End PBXShellScriptBuildPhase section */

/* Begin PBXSourcesBuildPhase section */
		20FAB4771E373AAF005DEE32 /* Sources */ = {
			isa = PBXSourcesBuildPhase;
			buildActionMask = 2147483647;
			files = (
				20FAB4931E38ABC4005DEE32 /* SecondViewController.swift in Sources */,
				20FAB4811E373AAF005DEE32 /* ViewController.swift in Sources */,
				20FAB47F1E373AAF005DEE32 /* AppDelegate.swift in Sources */,
				20FAB4911E373F01005DEE32 /* MiniPlayerViewController.swift in Sources */,
			);
			runOnlyForDeploymentPostprocessing = 0;
		};
/* End PBXSourcesBuildPhase section */

/* Begin PBXVariantGroup section */
		20FAB4821E373AAF005DEE32 /* Main.storyboard */ = {
			isa = PBXVariantGroup;
			children = (
				20FAB4831E373AAF005DEE32 /* Base */,
			);
			name = Main.storyboard;
			sourceTree = "<group>";
		};
		20FAB4871E373AAF005DEE32 /* LaunchScreen.storyboard */ = {
			isa = PBXVariantGroup;
			children = (
				20FAB4881E373AAF005DEE32 /* Base */,
			);
			name = LaunchScreen.storyboard;
			sourceTree = "<group>";
		};
/* End PBXVariantGroup section */

/* Begin XCBuildConfiguration section */
		20FAB48B1E373AAF005DEE32 /* Debug */ = {
			isa = XCBuildConfiguration;
			buildSettings = {
				ALWAYS_SEARCH_USER_PATHS = NO;
				CLANG_ANALYZER_NONNULL = YES;
				CLANG_CXX_LANGUAGE_STANDARD = "gnu++0x";
				CLANG_CXX_LIBRARY = "libc++";
				CLANG_ENABLE_MODULES = YES;
				CLANG_ENABLE_OBJC_ARC = YES;
				CLANG_WARN_BOOL_CONVERSION = YES;
				CLANG_WARN_CONSTANT_CONVERSION = YES;
				CLANG_WARN_DIRECT_OBJC_ISA_USAGE = YES_ERROR;
				CLANG_WARN_DOCUMENTATION_COMMENTS = YES;
				CLANG_WARN_EMPTY_BODY = YES;
				CLANG_WARN_ENUM_CONVERSION = YES;
				CLANG_WARN_INFINITE_RECURSION = YES;
				CLANG_WARN_INT_CONVERSION = YES;
				CLANG_WARN_OBJC_ROOT_CLASS = YES_ERROR;
				CLANG_WARN_SUSPICIOUS_MOVE = YES;
				CLANG_WARN_UNREACHABLE_CODE = YES;
				CLANG_WARN__DUPLICATE_METHOD_MATCH = YES;
				"CODE_SIGN_IDENTITY[sdk=iphoneos*]" = "iPhone Developer";
				COPY_PHASE_STRIP = NO;
				DEBUG_INFORMATION_FORMAT = dwarf;
				ENABLE_STRICT_OBJC_MSGSEND = YES;
				ENABLE_TESTABILITY = YES;
				GCC_C_LANGUAGE_STANDARD = gnu99;
				GCC_DYNAMIC_NO_PIC = NO;
				GCC_NO_COMMON_BLOCKS = YES;
				GCC_OPTIMIZATION_LEVEL = 0;
				GCC_PREPROCESSOR_DEFINITIONS = (
					"DEBUG=1",
					"$(inherited)",
				);
				GCC_WARN_64_TO_32_BIT_CONVERSION = YES;
				GCC_WARN_ABOUT_RETURN_TYPE = YES_ERROR;
				GCC_WARN_UNDECLARED_SELECTOR = YES;
				GCC_WARN_UNINITIALIZED_AUTOS = YES_AGGRESSIVE;
				GCC_WARN_UNUSED_FUNCTION = YES;
				GCC_WARN_UNUSED_VARIABLE = YES;
				IPHONEOS_DEPLOYMENT_TARGET = 10.2;
				MTL_ENABLE_DEBUG_INFO = YES;
				ONLY_ACTIVE_ARCH = YES;
				SDKROOT = iphoneos;
				SWIFT_ACTIVE_COMPILATION_CONDITIONS = DEBUG;
				SWIFT_OPTIMIZATION_LEVEL = "-Onone";
				TARGETED_DEVICE_FAMILY = "1,2";
			};
			name = Debug;
		};
		20FAB48C1E373AAF005DEE32 /* Release */ = {
			isa = XCBuildConfiguration;
			buildSettings = {
				ALWAYS_SEARCH_USER_PATHS = NO;
				CLANG_ANALYZER_NONNULL = YES;
				CLANG_CXX_LANGUAGE_STANDARD = "gnu++0x";
				CLANG_CXX_LIBRARY = "libc++";
				CLANG_ENABLE_MODULES = YES;
				CLANG_ENABLE_OBJC_ARC = YES;
				CLANG_WARN_BOOL_CONVERSION = YES;
				CLANG_WARN_CONSTANT_CONVERSION = YES;
				CLANG_WARN_DIRECT_OBJC_ISA_USAGE = YES_ERROR;
				CLANG_WARN_DOCUMENTATION_COMMENTS = YES;
				CLANG_WARN_EMPTY_BODY = YES;
				CLANG_WARN_ENUM_CONVERSION = YES;
				CLANG_WARN_INFINITE_RECURSION = YES;
				CLANG_WARN_INT_CONVERSION = YES;
				CLANG_WARN_OBJC_ROOT_CLASS = YES_ERROR;
				CLANG_WARN_SUSPICIOUS_MOVE = YES;
				CLANG_WARN_UNREACHABLE_CODE = YES;
				CLANG_WARN__DUPLICATE_METHOD_MATCH = YES;
				"CODE_SIGN_IDENTITY[sdk=iphoneos*]" = "iPhone Developer";
				COPY_PHASE_STRIP = NO;
				DEBUG_INFORMATION_FORMAT = "dwarf-with-dsym";
				ENABLE_NS_ASSERTIONS = NO;
				ENABLE_STRICT_OBJC_MSGSEND = YES;
				GCC_C_LANGUAGE_STANDARD = gnu99;
				GCC_NO_COMMON_BLOCKS = YES;
				GCC_WARN_64_TO_32_BIT_CONVERSION = YES;
				GCC_WARN_ABOUT_RETURN_TYPE = YES_ERROR;
				GCC_WARN_UNDECLARED_SELECTOR = YES;
				GCC_WARN_UNINITIALIZED_AUTOS = YES_AGGRESSIVE;
				GCC_WARN_UNUSED_FUNCTION = YES;
				GCC_WARN_UNUSED_VARIABLE = YES;
				IPHONEOS_DEPLOYMENT_TARGET = 10.2;
				MTL_ENABLE_DEBUG_INFO = NO;
				SDKROOT = iphoneos;
				SWIFT_OPTIMIZATION_LEVEL = "-Owholemodule";
				TARGETED_DEVICE_FAMILY = "1,2";
				VALIDATE_PRODUCT = YES;
			};
			name = Release;
		};
		20FAB48E1E373AAF005DEE32 /* Debug */ = {
			isa = XCBuildConfiguration;
			baseConfigurationReference = 7C444B91D7E2A76F4D2C6399 /* Pods-MusicTransition.debug.xcconfig */;
			buildSettings = {
				ASSETCATALOG_COMPILER_APPICON_NAME = AppIcon;
				INFOPLIST_FILE = MusicTransition/Info.plist;
				LD_RUNPATH_SEARCH_PATHS = "$(inherited) @executable_path/Frameworks";
				PRODUCT_BUNDLE_IDENTIFIER = Altimetrik.MusicTransition;
				PRODUCT_NAME = "$(TARGET_NAME)";
				SWIFT_VERSION = 3.0;
			};
			name = Debug;
		};
		20FAB48F1E373AAF005DEE32 /* Release */ = {
			isa = XCBuildConfiguration;
			baseConfigurationReference = 099F905C7701A6DADE428FEA /* Pods-MusicTransition.release.xcconfig */;
			buildSettings = {
				ASSETCATALOG_COMPILER_APPICON_NAME = AppIcon;
				INFOPLIST_FILE = MusicTransition/Info.plist;
				LD_RUNPATH_SEARCH_PATHS = "$(inherited) @executable_path/Frameworks";
				PRODUCT_BUNDLE_IDENTIFIER = Altimetrik.MusicTransition;
				PRODUCT_NAME = "$(TARGET_NAME)";
				SWIFT_VERSION = 3.0;
			};
			name = Release;
		};
/* End XCBuildConfiguration section */

/* Begin XCConfigurationList section */
		20FAB4761E373AAF005DEE32 /* Build configuration list for PBXProject "MusicTransition" */ = {
			isa = XCConfigurationList;
			buildConfigurations = (
				20FAB48B1E373AAF005DEE32 /* Debug */,
				20FAB48C1E373AAF005DEE32 /* Release */,
			);
			defaultConfigurationIsVisible = 0;
			defaultConfigurationName = Release;
		};
		20FAB48D1E373AAF005DEE32 /* Build configuration list for PBXNativeTarget "MusicTransition" */ = {
			isa = XCConfigurationList;
			buildConfigurations = (
				20FAB48E1E373AAF005DEE32 /* Debug */,
				20FAB48F1E373AAF005DEE32 /* Release */,
			);
			defaultConfigurationIsVisible = 0;
			defaultConfigurationName = Release;
		};
/* End XCConfigurationList section */
	};
	rootObject = 20FAB4731E373AAF005DEE32 /* Project object */;
}
